
Microsoft Visual Studio Solution File, Format Version 12.00
# Visual Studio Version 16
VisualStudioVersion = 16.0.31112.23
MinimumVisualStudioVersion = 10.0.40219.1
Project("{FAE04EC0-301F-11D3-BF4B-00C04F79EFBC}") = "ProjectGroup", "ProjectGroup\ProjectGroup.csproj", "{641C1C6B-C27F-4DE2-8464-3B3CC88FCBBD}"
EndProject
Global
	GlobalSection(SolutionConfigurationPlatforms) = preSolution
		Debug|Any CPU = Debug|Any CPU
		Release|Any CPU = Release|Any CPU
	EndGlobalSection
	GlobalSection(ProjectConfigurationPlatforms) = postSolution
		{641C1C6B-C27F-4DE2-8464-3B3CC88FCBBD}.Debug|Any CPU.ActiveCfg = Debug|Any CPU
		{641C1C6B-C27F-4DE2-8464-3B3CC88FCBBD}.Debug|Any CPU.Build.0 = Debug|Any CPU
		{641C1C6B-C27F-4DE2-8464-3B3CC88FCBBD}.Release|Any CPU.ActiveCfg = Release|Any CPU
		{641C1C6B-C27F-4DE2-8464-3B3CC88FCBBD}.Release|Any CPU.Build.0 = Release|Any CPU
	EndGlobalSection
	GlobalSection(SolutionProperties) = preSolution
		HideSolutionNode = FALSE
	EndGlobalSection
	GlobalSection(ExtensibilityGlobals) = postSolution
		SolutionGuid = {A8726C88-767A-4FE7-B520-BE2A011038BD}
	EndGlobalSection
EndGlobal
